
Microsoft Visual Studio Solution File, Format Version 12.00
# Visual Studio Version 17
VisualStudioVersion = 17.4.33213.308
MinimumVisualStudioVersion = 10.0.40219.1
Project("{FAE04EC0-301F-11D3-BF4B-00C04F79EFBC}") = "TodoList", "TodoList\TodoList.csproj", "{EE695B60-99FD-4641-A2C7-CF947076D172}"
EndProject
Global
	GlobalSection(SolutionConfigurationPlatforms) = preSolution
		Debug|Any CPU = Debug|Any CPU
		Release|Any CPU = Release|Any CPU
	EndGlobalSection
	GlobalSection(ProjectConfigurationPlatforms) = postSolution
		{EE695B60-99FD-4641-A2C7-CF947076D172}.Debug|Any CPU.ActiveCfg = Debug|Any CPU
		{EE695B60-99FD-4641-A2C7-CF947076D172}.Debug|Any CPU.Build.0 = Debug|Any CPU
		{EE695B60-99FD-4641-A2C7-CF947076D172}.Release|Any CPU.ActiveCfg = Release|Any CPU
		{EE695B60-99FD-4641-A2C7-CF947076D172}.Release|Any CPU.Build.0 = Release|Any CPU
	EndGlobalSection
	GlobalSection(SolutionProperties) = preSolution
		HideSolutionNode = FALSE
	EndGlobalSection
	GlobalSection(ExtensibilityGlobals) = postSolution
		SolutionGuid = {0B1A6BD5-94BD-4A9F-B427-70999D2196D5}
	EndGlobalSection
EndGlobal
